
Microsoft Visual Studio Solution File, Format Version 12.00
# Visual Studio 15
VisualStudioVersion = 15.0.27428.2037
MinimumVisualStudioVersion = 10.0.40219.1
Project("{FAE04EC0-301F-11D3-BF4B-00C04F79EFBC}") = "Mankalah", "Mankalah\Mankalah.csproj", "{9DEF25B1-B876-4789-A6F3-708E8399EA91}"
EndProject
Global
	GlobalSection(SolutionConfigurationPlatforms) = preSolution
		Debug|Any CPU = Debug|Any CPU
		Release|Any CPU = Release|Any CPU
	EndGlobalSection
	GlobalSection(ProjectConfigurationPlatforms) = postSolution
		{9DEF25B1-B876-4789-A6F3-708E8399EA91}.Debug|Any CPU.ActiveCfg = Debug|Any CPU
		{9DEF25B1-B876-4789-A6F3-708E8399EA91}.Debug|Any CPU.Build.0 = Debug|Any CPU
		{9DEF25B1-B876-4789-A6F3-708E8399EA91}.Release|Any CPU.ActiveCfg = Release|Any CPU
		{9DEF25B1-B876-4789-A6F3-708E8399EA91}.Release|Any CPU.Build.0 = Release|Any CPU
	EndGlobalSection
	GlobalSection(SolutionProperties) = preSolution
		HideSolutionNode = FALSE
	EndGlobalSection
	GlobalSection(ExtensibilityGlobals) = postSolution
		SolutionGuid = {EB4B859D-F88F-4FC0-9CC0-C3C3DAA0BE9D}
	EndGlobalSection
EndGlobal
