
Microsoft Visual Studio Solution File, Format Version 12.00
# Visual Studio 15
VisualStudioVersion = 15.0.28010.2036
MinimumVisualStudioVersion = 10.0.40219.1
Project("{FAE04EC0-301F-11D3-BF4B-00C04F79EFBC}") = "FractalFern", "FractalFern\FractalFern.csproj", "{4098FC49-17DF-42D4-9380-96BC5AFE6084}"
EndProject
Global
	GlobalSection(SolutionConfigurationPlatforms) = preSolution
		Debug|Any CPU = Debug|Any CPU
		Release|Any CPU = Release|Any CPU
	EndGlobalSection
	GlobalSection(ProjectConfigurationPlatforms) = postSolution
		{4098FC49-17DF-42D4-9380-96BC5AFE6084}.Debug|Any CPU.ActiveCfg = Debug|Any CPU
		{4098FC49-17DF-42D4-9380-96BC5AFE6084}.Debug|Any CPU.Build.0 = Debug|Any CPU
		{4098FC49-17DF-42D4-9380-96BC5AFE6084}.Release|Any CPU.ActiveCfg = Release|Any CPU
		{4098FC49-17DF-42D4-9380-96BC5AFE6084}.Release|Any CPU.Build.0 = Release|Any CPU
	EndGlobalSection
	GlobalSection(SolutionProperties) = preSolution
		HideSolutionNode = FALSE
	EndGlobalSection
	GlobalSection(ExtensibilityGlobals) = postSolution
		SolutionGuid = {D0E9AA42-EDFA-4525-BB4A-4EA7FBA6207E}
	EndGlobalSection
EndGlobal
